
Microsoft Visual Studio Solution File, Format Version 12.00
# Visual Studio Version 16
VisualStudioVersion = 16.0.29905.134
MinimumVisualStudioVersion = 10.0.40219.1
Project("{FAE04EC0-301F-11D3-BF4B-00C04F79EFBC}") = "assessment 2", "assessment 2\assessment 2.csproj", "{B82E00A0-1970-44F7-915C-02A72D217DBC}"
EndProject
Global
	GlobalSection(SolutionConfigurationPlatforms) = preSolution
		Debug|Any CPU = Debug|Any CPU
		Release|Any CPU = Release|Any CPU
	EndGlobalSection
	GlobalSection(ProjectConfigurationPlatforms) = postSolution
		{B82E00A0-1970-44F7-915C-02A72D217DBC}.Debug|Any CPU.ActiveCfg = Debug|Any CPU
		{B82E00A0-1970-44F7-915C-02A72D217DBC}.Debug|Any CPU.Build.0 = Debug|Any CPU
		{B82E00A0-1970-44F7-915C-02A72D217DBC}.Release|Any CPU.ActiveCfg = Release|Any CPU
		{B82E00A0-1970-44F7-915C-02A72D217DBC}.Release|Any CPU.Build.0 = Release|Any CPU
	EndGlobalSection
	GlobalSection(SolutionProperties) = preSolution
		HideSolutionNode = FALSE
	EndGlobalSection
	GlobalSection(ExtensibilityGlobals) = postSolution
		SolutionGuid = {41CBF540-9F48-408F-83A5-D929D92919C3}
	EndGlobalSection
EndGlobal
